# @generated by Move, please check-in and do not edit manually.

[move]
version = 3
manifest_digest = "4970B67F52DA4A5B7F80DC71DE2AA76586EAD4CBFB3889B04B46CEDD67FF65FA"
deps_digest = "F8BBB0CCB2491CA29A3DF03D6F92277A4F3574266507ACD77214D37ECA3F3082"
dependencies = [
  { id = "Sui", name = "Sui" },
]

[[move.package]]
id = "MoveStdlib"
source = { git = "https://github.com/MystenLabs/sui.git", rev = "framework/testnet", subdir = "crates/sui-framework/packages/move-stdlib" }

[[move.package]]
id = "Sui"
source = { git = "https://github.com/MystenLabs/sui.git", rev = "framework/testnet", subdir = "crates/sui-framework/packages/sui-framework" }

dependencies = [
  { id = "MoveStdlib", name = "MoveStdlib" },
]

[move.toolchain-version]
compiler-version = "1.61.2"
edition = "2024.beta"
flavor = "sui"

[env]

[env.testnet]
chain-id = "4c78adac"
original-published-id = "0x6c46defb3a391c010014b93c9e4227360259fc0975c8e1ea5ca6d1b01632dc08"
latest-published-id = "0x6c46defb3a391c010014b93c9e4227360259fc0975c8e1ea5ca6d1b01632dc08"
published-version = "1"
